
Microsoft Visual Studio Solution File, Format Version 12.00
# Visual Studio Version 16
VisualStudioVersion = 16.0.31105.61
MinimumVisualStudioVersion = 10.0.40219.1
Project("{FAE04EC0-301F-11D3-BF4B-00C04F79EFBC}") = "MVCProjeKampi", "MVCProjeKampi\MVCProjeKampi.csproj", "{B57E4B09-F09C-4CBF-A1AD-2A922EC33F58}"
EndProject
Project("{FAE04EC0-301F-11D3-BF4B-00C04F79EFBC}") = "EntityLayerr", "EntityLayerr\EntityLayerr.csproj", "{215C5E3C-F220-4805-BB60-32E51754F18F}"
EndProject
Project("{FAE04EC0-301F-11D3-BF4B-00C04F79EFBC}") = "DataAccessLayer", "DataAccessLayer\DataAccessLayer.csproj", "{3D29262A-570F-4ED1-96A9-80765AB3EFE8}"
EndProject
Project("{FAE04EC0-301F-11D3-BF4B-00C04F79EFBC}") = "BusinessLayer", "BusinessLayer\BusinessLayer.csproj", "{67080C7D-ECCF-4158-84BC-E8B2CE885B50}"
EndProject
Global
	GlobalSection(SolutionConfigurationPlatforms) = preSolution
		Debug|Any CPU = Debug|Any CPU
		Release|Any CPU = Release|Any CPU
	EndGlobalSection
	GlobalSection(ProjectConfigurationPlatforms) = postSolution
		{B57E4B09-F09C-4CBF-A1AD-2A922EC33F58}.Debug|Any CPU.ActiveCfg = Debug|Any CPU
		{B57E4B09-F09C-4CBF-A1AD-2A922EC33F58}.Debug|Any CPU.Build.0 = Debug|Any CPU
		{B57E4B09-F09C-4CBF-A1AD-2A922EC33F58}.Release|Any CPU.ActiveCfg = Release|Any CPU
		{B57E4B09-F09C-4CBF-A1AD-2A922EC33F58}.Release|Any CPU.Build.0 = Release|Any CPU
		{215C5E3C-F220-4805-BB60-32E51754F18F}.Debug|Any CPU.ActiveCfg = Debug|Any CPU
		{215C5E3C-F220-4805-BB60-32E51754F18F}.Debug|Any CPU.Build.0 = Debug|Any CPU
		{215C5E3C-F220-4805-BB60-32E51754F18F}.Release|Any CPU.ActiveCfg = Release|Any CPU
		{215C5E3C-F220-4805-BB60-32E51754F18F}.Release|Any CPU.Build.0 = Release|Any CPU
		{3D29262A-570F-4ED1-96A9-80765AB3EFE8}.Debug|Any CPU.ActiveCfg = Debug|Any CPU
		{3D29262A-570F-4ED1-96A9-80765AB3EFE8}.Debug|Any CPU.Build.0 = Debug|Any CPU
		{3D29262A-570F-4ED1-96A9-80765AB3EFE8}.Release|Any CPU.ActiveCfg = Release|Any CPU
		{3D29262A-570F-4ED1-96A9-80765AB3EFE8}.Release|Any CPU.Build.0 = Release|Any CPU
		{67080C7D-ECCF-4158-84BC-E8B2CE885B50}.Debug|Any CPU.ActiveCfg = Debug|Any CPU
		{67080C7D-ECCF-4158-84BC-E8B2CE885B50}.Debug|Any CPU.Build.0 = Debug|Any CPU
		{67080C7D-ECCF-4158-84BC-E8B2CE885B50}.Release|Any CPU.ActiveCfg = Release|Any CPU
		{67080C7D-ECCF-4158-84BC-E8B2CE885B50}.Release|Any CPU.Build.0 = Release|Any CPU
	EndGlobalSection
	GlobalSection(SolutionProperties) = preSolution
		HideSolutionNode = FALSE
	EndGlobalSection
	GlobalSection(ExtensibilityGlobals) = postSolution
		SolutionGuid = {74D09CF3-30C4-4235-B453-AD909737B9C3}
	EndGlobalSection
EndGlobal
